// !$*UTF8*$!
{
	archiveVersion = 1;
	classes = {
	};
	objectVersion = 48;
	objects = {

/* Begin PBXBuildFile section */
		A4C89BBE206418CC00C81926 /* AppDelegate.swift in Sources */ = {isa = PBXBuildFile; fileRef = A4C89BBD206418CC00C81926 /* AppDelegate.swift */; };
		A4C89BC0206418CC00C81926 /* ViewController.swift in Sources */ = {isa = PBXBuildFile; fileRef = A4C89BBF206418CC00C81926 /* ViewController.swift */; };
		A4C89BC3206418CC00C81926 /* Main.storyboard in Resources */ = {isa = PBXBuildFile; fileRef = A4C89BC1206418CC00C81926 /* Main.storyboard */; };
		A4C89BC5206418CC00C81926 /* Assets.xcassets in Resources */ = {isa = PBXBuildFile; fileRef = A4C89BC4206418CC00C81926 /* Assets.xcassets */; };
		A4C89BC8206418CC00C81926 /* LaunchScreen.storyboard in Resources */ = {isa = PBXBuildFile; fileRef = A4C89BC6206418CC00C81926 /* LaunchScreen.storyboard */; };
		A4C89BD0206420E400C81926 /* Balham.otf in Resources */ = {isa = PBXBuildFile; fileRef = A4C89BCF206420E400C81926 /* Balham.otf */; };
		A4C89BD620691B4500C81926 /* Question.swift in Sources */ = {isa = PBXBuildFile; fileRef = A4C89BD520691B4500C81926 /* Question.swift */; };
		A4C89BD82069375800C81926 /* Game.swift in Sources */ = {isa = PBXBuildFile; fileRef = A4C89BD72069375800C81926 /* Game.swift */; };
		A4C89BDA2069416B00C81926 /* QuestionManager.swift in Sources */ = {isa = PBXBuildFile; fileRef = A4C89BD92069416B00C81926 /* QuestionManager.swift */; };
/* End PBXBuildFile section */

/* Begin PBXFileReference section */
		A4C89BBA206418CC00C81926 /* OpenQuizz.app */ = {isa = PBXFileReference; explicitFileType = wrapper.application; includeInIndex = 0; path = OpenQuizz.app; sourceTree = BUILT_PRODUCTS_DIR; };
		A4C89BBD206418CC00C81926 /* AppDelegate.swift */ = {isa = PBXFileReference; lastKnownFileType = sourcecode.swift; path = AppDelegate.swift; sourceTree = "<group>"; };
		A4C89BBF206418CC00C81926 /* ViewController.swift */ = {isa = PBXFileReference; lastKnownFileType = sourcecode.swift; path = ViewController.swift; sourceTree = "<group>"; };
		A4C89BC2206418CC00C81926 /* Base */ = {isa = PBXFileReference; lastKnownFileType = file.storyboard; name = Base; path = Base.lproj/Main.storyboard; sourceTree = "<group>"; };
		A4C89BC4206418CC00C81926 /* Assets.xcassets */ = {isa = PBXFileReference; lastKnownFileType = folder.assetcatalog; path = Assets.xcassets; sourceTree = "<group>"; };
		A4C89BC7206418CC00C81926 /* Base */ = {isa = PBXFileReference; lastKnownFileType = file.storyboard; name = Base; path = Base.lproj/LaunchScreen.storyboard; sourceTree = "<group>"; };
		A4C89BC9206418CC00C81926 /* Info.plist */ = {isa = PBXFileReference; lastKnownFileType = text.plist.xml; path = Info.plist; sourceTree = "<group>"; };
		A4C89BCF206420E400C81926 /* Balham.otf */ = {isa = PBXFileReference; lastKnownFileType = file; path = Balham.otf; sourceTree = "<group>"; };
		A4C89BD520691B4500C81926 /* Question.swift */ = {isa = PBXFileReference; lastKnownFileType = sourcecode.swift; path = Question.swift; sourceTree = "<group>"; };
		A4C89BD72069375800C81926 /* Game.swift */ = {isa = PBXFileReference; lastKnownFileType = sourcecode.swift; path = Game.swift; sourceTree = "<group>"; };
		A4C89BD92069416B00C81926 /* QuestionManager.swift */ = {isa = PBXFileReference; fileEncoding = 4; lastKnownFileType = sourcecode.swift; path = QuestionManager.swift; sourceTree = "<group>"; };
/* End PBXFileReference section */

/* Begin PBXFrameworksBuildPhase section */
		A4C89BB7206418CB00C81926 /* Frameworks */ = {
			isa = PBXFrameworksBuildPhase;
			buildActionMask = 2147483647;
			files = (
			);
			runOnlyForDeploymentPostprocessing = 0;
		};
/* End PBXFrameworksBuildPhase section */

/* Begin PBXGroup section */
		A4C89BB1206418CB00C81926 = {
			isa = PBXGroup;
			children = (
				A4C89BBC206418CC00C81926 /* OpenQuizz */,
				A4C89BBB206418CC00C81926 /* Products */,
			);
			sourceTree = "<group>";
		};
		A4C89BBB206418CC00C81926 /* Products */ = {
			isa = PBXGroup;
			children = (
				A4C89BBA206418CC00C81926 /* OpenQuizz.app */,
			);
			name = Products;
			sourceTree = "<group>";
		};
		A4C89BBC206418CC00C81926 /* OpenQuizz */ = {
			isa = PBXGroup;
			children = (
				A4C89BD420691B3000C81926 /* Model */,
				A4C89BD320691A5B00C81926 /* Supporting Files */,
				A4C89BD220691A4D00C81926 /* View */,
				A4C89BD120691A3600C81926 /* Controller */,
			);
			path = OpenQuizz;
			sourceTree = "<group>";
		};
		A4C89BD120691A3600C81926 /* Controller */ = {
			isa = PBXGroup;
			children = (
				A4C89BBF206418CC00C81926 /* ViewController.swift */,
			);
			path = Controller;
			sourceTree = "<group>";
		};
		A4C89BD220691A4D00C81926 /* View */ = {
			isa = PBXGroup;
			children = (
				A4C89BC1206418CC00C81926 /* Main.storyboard */,
			);
			path = View;
			sourceTree = "<group>";
		};
		A4C89BD320691A5B00C81926 /* Supporting Files */ = {
			isa = PBXGroup;
			children = (
				A4C89BBD206418CC00C81926 /* AppDelegate.swift */,
				A4C89BCF206420E400C81926 /* Balham.otf */,
				A4C89BC4206418CC00C81926 /* Assets.xcassets */,
				A4C89BC6206418CC00C81926 /* LaunchScreen.storyboard */,
				A4C89BC9206418CC00C81926 /* Info.plist */,
			);
			path = "Supporting Files";
			sourceTree = "<group>";
		};
		A4C89BD420691B3000C81926 /* Model */ = {
			isa = PBXGroup;
			children = (
				A4C89BD520691B4500C81926 /* Question.swift */,
				A4C89BD72069375800C81926 /* Game.swift */,
				A4C89BD92069416B00C81926 /* QuestionManager.swift */,
			);
			path = Model;
			sourceTree = "<group>";
		};
/* End PBXGroup section */

/* Begin PBXNativeTarget section */
		A4C89BB9206418CB00C81926 /* OpenQuizz */ = {
			isa = PBXNativeTarget;
			buildConfigurationList = A4C89BCC206418CC00C81926 /* Build configuration list for PBXNativeTarget "OpenQuizz" */;
			buildPhases = (
				A4C89BB6206418CB00C81926 /* Sources */,
				A4C89BB7206418CB00C81926 /* Frameworks */,
				A4C89BB8206418CB00C81926 /* Resources */,
			);
			buildRules = (
			);
			dependencies = (
			);
			name = OpenQuizz;
			productName = OpenQuizz;
			productReference = A4C89BBA206418CC00C81926 /* OpenQuizz.app */;
			productType = "com.apple.product-type.application";
		};
/* End PBXNativeTarget section */

/* Begin PBXProject section */
		A4C89BB2206418CB00C81926 /* Project object */ = {
			isa = PBXProject;
			attributes = {
				LastSwiftUpdateCheck = 0920;
				LastUpgradeCheck = 0920;
				ORGANIZATIONNAME = meka;
				TargetAttributes = {
					A4C89BB9206418CB00C81926 = {
						CreatedOnToolsVersion = 9.2;
						ProvisioningStyle = Automatic;
					};
				};
			};
			buildConfigurationList = A4C89BB5206418CB00C81926 /* Build configuration list for PBXProject "OpenQuizz" */;
			compatibilityVersion = "Xcode 8.0";
			developmentRegion = en;
			hasScannedForEncodings = 0;
			knownRegions = (
				en,
				Base,
			);
			mainGroup = A4C89BB1206418CB00C81926;
			productRefGroup = A4C89BBB206418CC00C81926 /* Products */;
			projectDirPath = "";
			projectRoot = "";
			targets = (
				A4C89BB9206418CB00C81926 /* OpenQuizz */,
			);
		};
/* End PBXProject section */

/* Begin PBXResourcesBuildPhase section */
		A4C89BB8206418CB00C81926 /* Resources */ = {
			isa = PBXResourcesBuildPhase;
			buildActionMask = 2147483647;
			files = (
				A4C89BC8206418CC00C81926 /* LaunchScreen.storyboard in Resources */,
				A4C89BC5206418CC00C81926 /* Assets.xcassets in Resources */,
				A4C89BD0206420E400C81926 /* Balham.otf in Resources */,
				A4C89BC3206418CC00C81926 /* Main.storyboard in Resources */,
			);
			runOnlyForDeploymentPostprocessing = 0;
		};
/* End PBXResourcesBuildPhase section */

/* Begin PBXSourcesBuildPhase section */
		A4C89BB6206418CB00C81926 /* Sources */ = {
			isa = PBXSourcesBuildPhase;
			buildActionMask = 2147483647;
			files = (
				A4C89BD620691B4500C81926 /* Question.swift in Sources */,
				A4C89BC0206418CC00C81926 /* ViewController.swift in Sources */,
				A4C89BBE206418CC00C81926 /* AppDelegate.swift in Sources */,
				A4C89BDA2069416B00C81926 /* QuestionManager.swift in Sources */,
				A4C89BD82069375800C81926 /* Game.swift in Sources */,
			);
			runOnlyForDeploymentPostprocessing = 0;
		};
/* End PBXSourcesBuildPhase section */

/* Begin PBXVariantGroup section */
		A4C89BC1206418CC00C81926 /* Main.storyboard */ = {
			isa = PBXVariantGroup;
			children = (
				A4C89BC2206418CC00C81926 /* Base */,
			);
			name = Main.storyboard;
			sourceTree = "<group>";
		};
		A4C89BC6206418CC00C81926 /* LaunchScreen.storyboard */ = {
			isa = PBXVariantGroup;
			children = (
				A4C89BC7206418CC00C81926 /* Base */,
			);
			name = LaunchScreen.storyboard;
			sourceTree = "<group>";
		};
/* End PBXVariantGroup section */

/* Begin XCBuildConfiguration section */
		A4C89BCA206418CC00C81926 /* Debug */ = {
			isa = XCBuildConfiguration;
			buildSettings = {
				ALWAYS_SEARCH_USER_PATHS = NO;
				CLANG_ANALYZER_NONNULL = YES;
				CLANG_ANALYZER_NUMBER_OBJECT_CONVERSION = YES_AGGRESSIVE;
				CLANG_CXX_LANGUAGE_STANDARD = "gnu++14";
				CLANG_CXX_LIBRARY = "libc++";
				CLANG_ENABLE_MODULES = YES;
				CLANG_ENABLE_OBJC_ARC = YES;
				CLANG_WARN_BLOCK_CAPTURE_AUTORELEASING = YES;
				CLANG_WARN_BOOL_CONVERSION = YES;
				CLANG_WARN_COMMA = YES;
				CLANG_WARN_CONSTANT_CONVERSION = YES;
				CLANG_WARN_DIRECT_OBJC_ISA_USAGE = YES_ERROR;
				CLANG_WARN_DOCUMENTATION_COMMENTS = YES;
				CLANG_WARN_EMPTY_BODY = YES;
				CLANG_WARN_ENUM_CONVERSION = YES;
				CLANG_WARN_INFINITE_RECURSION = YES;
				CLANG_WARN_INT_CONVERSION = YES;
				CLANG_WARN_NON_LITERAL_NULL_CONVERSION = YES;
				CLANG_WARN_OBJC_LITERAL_CONVERSION = YES;
				CLANG_WARN_OBJC_ROOT_CLASS = YES_ERROR;
				CLANG_WARN_RANGE_LOOP_ANALYSIS = YES;
				CLANG_WARN_STRICT_PROTOTYPES = YES;
				CLANG_WARN_SUSPICIOUS_MOVE = YES;
				CLANG_WARN_UNGUARDED_AVAILABILITY = YES_AGGRESSIVE;
				CLANG_WARN_UNREACHABLE_CODE = YES;
				CLANG_WARN__DUPLICATE_METHOD_MATCH = YES;
				CODE_SIGN_IDENTITY = "iPhone Developer";
				COPY_PHASE_STRIP = NO;
				DEBUG_INFORMATION_FORMAT = dwarf;
				ENABLE_STRICT_OBJC_MSGSEND = YES;
				ENABLE_TESTABILITY = YES;
				GCC_C_LANGUAGE_STANDARD = gnu11;
				GCC_DYNAMIC_NO_PIC = NO;
				GCC_NO_COMMON_BLOCKS = YES;
				GCC_OPTIMIZATION_LEVEL = 0;
				GCC_PREPROCESSOR_DEFINITIONS = (
					"DEBUG=1",
					"$(inherited)",
				);
				GCC_WARN_64_TO_32_BIT_CONVERSION = YES;
				GCC_WARN_ABOUT_RETURN_TYPE = YES_ERROR;
				GCC_WARN_UNDECLARED_SELECTOR = YES;
				GCC_WARN_UNINITIALIZED_AUTOS = YES_AGGRESSIVE;
				GCC_WARN_UNUSED_FUNCTION = YES;
				GCC_WARN_UNUSED_VARIABLE = YES;
				IPHONEOS_DEPLOYMENT_TARGET = 11.2;
				MTL_ENABLE_DEBUG_INFO = YES;
				ONLY_ACTIVE_ARCH = YES;
				SDKROOT = iphoneos;
				SWIFT_ACTIVE_COMPILATION_CONDITIONS = DEBUG;
				SWIFT_OPTIMIZATION_LEVEL = "-Onone";
			};
			name = Debug;
		};
		A4C89BCB206418CC00C81926 /* Release */ = {
			isa = XCBuildConfiguration;
			buildSettings = {
				ALWAYS_SEARCH_USER_PATHS = NO;
				CLANG_ANALYZER_NONNULL = YES;
				CLANG_ANALYZER_NUMBER_OBJECT_CONVERSION = YES_AGGRESSIVE;
				CLANG_CXX_LANGUAGE_STANDARD = "gnu++14";
				CLANG_CXX_LIBRARY = "libc++";
				CLANG_ENABLE_MODULES = YES;
				CLANG_ENABLE_OBJC_ARC = YES;
				CLANG_WARN_BLOCK_CAPTURE_AUTORELEASING = YES;
				CLANG_WARN_BOOL_CONVERSION = YES;
				CLANG_WARN_COMMA = YES;
				CLANG_WARN_CONSTANT_CONVERSION = YES;
				CLANG_WARN_DIRECT_OBJC_ISA_USAGE = YES_ERROR;
				CLANG_WARN_DOCUMENTATION_COMMENTS = YES;
				CLANG_WARN_EMPTY_BODY = YES;
				CLANG_WARN_ENUM_CONVERSION = YES;
				CLANG_WARN_INFINITE_RECURSION = YES;
				CLANG_WARN_INT_CONVERSION = YES;
				CLANG_WARN_NON_LITERAL_NULL_CONVERSION = YES;
				CLANG_WARN_OBJC_LITERAL_CONVERSION = YES;
				CLANG_WARN_OBJC_ROOT_CLASS = YES_ERROR;
				CLANG_WARN_RANGE_LOOP_ANALYSIS = YES;
				CLANG_WARN_STRICT_PROTOTYPES = YES;
				CLANG_WARN_SUSPICIOUS_MOVE = YES;
				CLANG_WARN_UNGUARDED_AVAILABILITY = YES_AGGRESSIVE;
				CLANG_WARN_UNREACHABLE_CODE = YES;
				CLANG_WARN__DUPLICATE_METHOD_MATCH = YES;
				CODE_SIGN_IDENTITY = "iPhone Developer";
				COPY_PHASE_STRIP = NO;
				DEBUG_INFORMATION_FORMAT = "dwarf-with-dsym";
				ENABLE_NS_ASSERTIONS = NO;
				ENABLE_STRICT_OBJC_MSGSEND = YES;
				GCC_C_LANGUAGE_STANDARD = gnu11;
				GCC_NO_COMMON_BLOCKS = YES;
				GCC_WARN_64_TO_32_BIT_CONVERSION = YES;
				GCC_WARN_ABOUT_RETURN_TYPE = YES_ERROR;
				GCC_WARN_UNDECLARED_SELECTOR = YES;
				GCC_WARN_UNINITIALIZED_AUTOS = YES_AGGRESSIVE;
				GCC_WARN_UNUSED_FUNCTION = YES;
				GCC_WARN_UNUSED_VARIABLE = YES;
				IPHONEOS_DEPLOYMENT_TARGET = 11.2;
				MTL_ENABLE_DEBUG_INFO = NO;
				SDKROOT = iphoneos;
				SWIFT_OPTIMIZATION_LEVEL = "-Owholemodule";
				VALIDATE_PRODUCT = YES;
			};
			name = Release;
		};
		A4C89BCD206418CC00C81926 /* Debug */ = {
			isa = XCBuildConfiguration;
			buildSettings = {
				ASSETCATALOG_COMPILER_APPICON_NAME = AppIcon;
				CODE_SIGN_STYLE = Automatic;
				INFOPLIST_FILE = OpenQuizz/Info.plist;
				LD_RUNPATH_SEARCH_PATHS = "$(inherited) @executable_path/Frameworks";
				PRODUCT_BUNDLE_IDENTIFIER = fr.kame.OpenQuizz;
				PRODUCT_NAME = "$(TARGET_NAME)";
				SWIFT_VERSION = 4.0;
				TARGETED_DEVICE_FAMILY = "1,2";
			};
			name = Debug;
		};
		A4C89BCE206418CC00C81926 /* Release */ = {
			isa = XCBuildConfiguration;
			buildSettings = {
				ASSETCATALOG_COMPILER_APPICON_NAME = AppIcon;
				CODE_SIGN_STYLE = Automatic;
				INFOPLIST_FILE = OpenQuizz/Info.plist;
				LD_RUNPATH_SEARCH_PATHS = "$(inherited) @executable_path/Frameworks";
				PRODUCT_BUNDLE_IDENTIFIER = fr.kame.OpenQuizz;
				PRODUCT_NAME = "$(TARGET_NAME)";
				SWIFT_VERSION = 4.0;
				TARGETED_DEVICE_FAMILY = "1,2";
			};
			name = Release;
		};
/* End XCBuildConfiguration section */

/* Begin XCConfigurationList section */
		A4C89BB5206418CB00C81926 /* Build configuration list for PBXProject "OpenQuizz" */ = {
			isa = XCConfigurationList;
			buildConfigurations = (
				A4C89BCA206418CC00C81926 /* Debug */,
				A4C89BCB206418CC00C81926 /* Release */,
			);
			defaultConfigurationIsVisible = 0;
			defaultConfigurationName = Release;
		};
		A4C89BCC206418CC00C81926 /* Build configuration list for PBXNativeTarget "OpenQuizz" */ = {
			isa = XCConfigurationList;
			buildConfigurations = (
				A4C89BCD206418CC00C81926 /* Debug */,
				A4C89BCE206418CC00C81926 /* Release */,
			);
			defaultConfigurationIsVisible = 0;
			defaultConfigurationName = Release;
		};
/* End XCConfigurationList section */
	};
	rootObject = A4C89BB2206418CB00C81926 /* Project object */;
}
